// !$*UTF8*$!
{
	archiveVersion = 1;
	classes = {
	};
	objectVersion = 50;
	objects = {

/* Begin PBXBuildFile section */
		05793B812466484B0073F27C /* AppDelegate.swift in Sources */ = {isa = PBXBuildFile; fileRef = 05793B802466484B0073F27C /* AppDelegate.swift */; };
		05793B832466484B0073F27C /* SceneDelegate.swift in Sources */ = {isa = PBXBuildFile; fileRef = 05793B822466484B0073F27C /* SceneDelegate.swift */; };
		05793B852466484B0073F27C /* CompaniesController.swift in Sources */ = {isa = PBXBuildFile; fileRef = 05793B842466484B0073F27C /* CompaniesController.swift */; };
		05793B8A2466484E0073F27C /* Assets.xcassets in Resources */ = {isa = PBXBuildFile; fileRef = 05793B892466484E0073F27C /* Assets.xcassets */; };
		05793B8D2466484E0073F27C /* LaunchScreen.storyboard in Resources */ = {isa = PBXBuildFile; fileRef = 05793B8B2466484E0073F27C /* LaunchScreen.storyboard */; };
		05793B982466484E0073F27C /* CoredateTests.swift in Sources */ = {isa = PBXBuildFile; fileRef = 05793B972466484E0073F27C /* CoredateTests.swift */; };
		05793BA32466484E0073F27C /* CoredateUITests.swift in Sources */ = {isa = PBXBuildFile; fileRef = 05793BA22466484E0073F27C /* CoredateUITests.swift */; };
		05793BB12467535C0073F27C /* Company.swift in Sources */ = {isa = PBXBuildFile; fileRef = 05793BB02467535C0073F27C /* Company.swift */; };
		05793BB3246758F70073F27C /* CreateCompanyController.swift in Sources */ = {isa = PBXBuildFile; fileRef = 05793BB2246758F70073F27C /* CreateCompanyController.swift */; };
		05F2F016246CE66700FCC440 /* UIColorExtension.swift in Sources */ = {isa = PBXBuildFile; fileRef = 05F2F015246CE66700FCC440 /* UIColorExtension.swift */; };
		05F2F019246CF5F200FCC440 /* CoreDataModel.xcdatamodeld in Sources */ = {isa = PBXBuildFile; fileRef = 05F2F017246CF5F200FCC440 /* CoreDataModel.xcdatamodeld */; };
/* End PBXBuildFile section */

/* Begin PBXContainerItemProxy section */
		05793B942466484E0073F27C /* PBXContainerItemProxy */ = {
			isa = PBXContainerItemProxy;
			containerPortal = 05793B752466484B0073F27C /* Project object */;
			proxyType = 1;
			remoteGlobalIDString = 05793B7C2466484B0073F27C;
			remoteInfo = Coredate;
		};
		05793B9F2466484E0073F27C /* PBXContainerItemProxy */ = {
			isa = PBXContainerItemProxy;
			containerPortal = 05793B752466484B0073F27C /* Project object */;
			proxyType = 1;
			remoteGlobalIDString = 05793B7C2466484B0073F27C;
			remoteInfo = Coredate;
		};
/* End PBXContainerItemProxy section */

/* Begin PBXFileReference section */
		05793B7D2466484B0073F27C /* Coredate.app */ = {isa = PBXFileReference; explicitFileType = wrapper.application; includeInIndex = 0; path = Coredate.app; sourceTree = BUILT_PRODUCTS_DIR; };
		05793B802466484B0073F27C /* AppDelegate.swift */ = {isa = PBXFileReference; lastKnownFileType = sourcecode.swift; path = AppDelegate.swift; sourceTree = "<group>"; };
		05793B822466484B0073F27C /* SceneDelegate.swift */ = {isa = PBXFileReference; lastKnownFileType = sourcecode.swift; path = SceneDelegate.swift; sourceTree = "<group>"; };
		05793B842466484B0073F27C /* CompaniesController.swift */ = {isa = PBXFileReference; lastKnownFileType = sourcecode.swift; path = CompaniesController.swift; sourceTree = "<group>"; };
		05793B892466484E0073F27C /* Assets.xcassets */ = {isa = PBXFileReference; lastKnownFileType = folder.assetcatalog; path = Assets.xcassets; sourceTree = "<group>"; };
		05793B8C2466484E0073F27C /* Base */ = {isa = PBXFileReference; lastKnownFileType = file.storyboard; name = Base; path = Base.lproj/LaunchScreen.storyboard; sourceTree = "<group>"; };
		05793B8E2466484E0073F27C /* Info.plist */ = {isa = PBXFileReference; lastKnownFileType = text.plist.xml; path = Info.plist; sourceTree = "<group>"; };
		05793B932466484E0073F27C /* CoredateTests.xctest */ = {isa = PBXFileReference; explicitFileType = wrapper.cfbundle; includeInIndex = 0; path = CoredateTests.xctest; sourceTree = BUILT_PRODUCTS_DIR; };
		05793B972466484E0073F27C /* CoredateTests.swift */ = {isa = PBXFileReference; lastKnownFileType = sourcecode.swift; path = CoredateTests.swift; sourceTree = "<group>"; };
		05793B992466484E0073F27C /* Info.plist */ = {isa = PBXFileReference; lastKnownFileType = text.plist.xml; path = Info.plist; sourceTree = "<group>"; };
		05793B9E2466484E0073F27C /* CoredateUITests.xctest */ = {isa = PBXFileReference; explicitFileType = wrapper.cfbundle; includeInIndex = 0; path = CoredateUITests.xctest; sourceTree = BUILT_PRODUCTS_DIR; };
		05793BA22466484E0073F27C /* CoredateUITests.swift */ = {isa = PBXFileReference; lastKnownFileType = sourcecode.swift; path = CoredateUITests.swift; sourceTree = "<group>"; };
		05793BA42466484E0073F27C /* Info.plist */ = {isa = PBXFileReference; lastKnownFileType = text.plist.xml; path = Info.plist; sourceTree = "<group>"; };
		05793BB02467535C0073F27C /* Company.swift */ = {isa = PBXFileReference; lastKnownFileType = sourcecode.swift; path = Company.swift; sourceTree = "<group>"; };
		05793BB2246758F70073F27C /* CreateCompanyController.swift */ = {isa = PBXFileReference; lastKnownFileType = sourcecode.swift; path = CreateCompanyController.swift; sourceTree = "<group>"; };
		05F2F015246CE66700FCC440 /* UIColorExtension.swift */ = {isa = PBXFileReference; lastKnownFileType = sourcecode.swift; path = UIColorExtension.swift; sourceTree = "<group>"; };
		05F2F018246CF5F200FCC440 /* CoreDataModel.xcdatamodel */ = {isa = PBXFileReference; lastKnownFileType = wrapper.xcdatamodel; path = CoreDataModel.xcdatamodel; sourceTree = "<group>"; };
/* End PBXFileReference section */

/* Begin PBXFrameworksBuildPhase section */
		05793B7A2466484B0073F27C /* Frameworks */ = {
			isa = PBXFrameworksBuildPhase;
			buildActionMask = 2147483647;
			files = (
			);
			runOnlyForDeploymentPostprocessing = 0;
		};
		05793B902466484E0073F27C /* Frameworks */ = {
			isa = PBXFrameworksBuildPhase;
			buildActionMask = 2147483647;
			files = (
			);
			runOnlyForDeploymentPostprocessing = 0;
		};
		05793B9B2466484E0073F27C /* Frameworks */ = {
			isa = PBXFrameworksBuildPhase;
			buildActionMask = 2147483647;
			files = (
			);
			runOnlyForDeploymentPostprocessing = 0;
		};
/* End PBXFrameworksBuildPhase section */

/* Begin PBXGroup section */
		05793B742466484B0073F27C = {
			isa = PBXGroup;
			children = (
				05793B7F2466484B0073F27C /* Coredate */,
				05793B962466484E0073F27C /* CoredateTests */,
				05793BA12466484E0073F27C /* CoredateUITests */,
				05793B7E2466484B0073F27C /* Products */,
			);
			sourceTree = "<group>";
		};
		05793B7E2466484B0073F27C /* Products */ = {
			isa = PBXGroup;
			children = (
				05793B7D2466484B0073F27C /* Coredate.app */,
				05793B932466484E0073F27C /* CoredateTests.xctest */,
				05793B9E2466484E0073F27C /* CoredateUITests.xctest */,
			);
			name = Products;
			sourceTree = "<group>";
		};
		05793B7F2466484B0073F27C /* Coredate */ = {
			isa = PBXGroup;
			children = (
				05793B802466484B0073F27C /* AppDelegate.swift */,
				05793B822466484B0073F27C /* SceneDelegate.swift */,
				05793B842466484B0073F27C /* CompaniesController.swift */,
				05793B892466484E0073F27C /* Assets.xcassets */,
				05793B8B2466484E0073F27C /* LaunchScreen.storyboard */,
				05793B8E2466484E0073F27C /* Info.plist */,
				05793BB02467535C0073F27C /* Company.swift */,
				05793BB2246758F70073F27C /* CreateCompanyController.swift */,
				05F2F015246CE66700FCC440 /* UIColorExtension.swift */,
				05F2F017246CF5F200FCC440 /* CoreDataModel.xcdatamodeld */,
			);
			path = Coredate;
			sourceTree = "<group>";
		};
		05793B962466484E0073F27C /* CoredateTests */ = {
			isa = PBXGroup;
			children = (
				05793B972466484E0073F27C /* CoredateTests.swift */,
				05793B992466484E0073F27C /* Info.plist */,
			);
			path = CoredateTests;
			sourceTree = "<group>";
		};
		05793BA12466484E0073F27C /* CoredateUITests */ = {
			isa = PBXGroup;
			children = (
				05793BA22466484E0073F27C /* CoredateUITests.swift */,
				05793BA42466484E0073F27C /* Info.plist */,
			);
			path = CoredateUITests;
			sourceTree = "<group>";
		};
/* End PBXGroup section */

/* Begin PBXNativeTarget section */
		05793B7C2466484B0073F27C /* Coredate */ = {
			isa = PBXNativeTarget;
			buildConfigurationList = 05793BA72466484E0073F27C /* Build configuration list for PBXNativeTarget "Coredate" */;
			buildPhases = (
				05793B792466484B0073F27C /* Sources */,
				05793B7A2466484B0073F27C /* Frameworks */,
				05793B7B2466484B0073F27C /* Resources */,
			);
			buildRules = (
			);
			dependencies = (
			);
			name = Coredate;
			productName = Coredate;
			productReference = 05793B7D2466484B0073F27C /* Coredate.app */;
			productType = "com.apple.product-type.application";
		};
		05793B922466484E0073F27C /* CoredateTests */ = {
			isa = PBXNativeTarget;
			buildConfigurationList = 05793BAA2466484E0073F27C /* Build configuration list for PBXNativeTarget "CoredateTests" */;
			buildPhases = (
				05793B8F2466484E0073F27C /* Sources */,
				05793B902466484E0073F27C /* Frameworks */,
				05793B912466484E0073F27C /* Resources */,
			);
			buildRules = (
			);
			dependencies = (
				05793B952466484E0073F27C /* PBXTargetDependency */,
			);
			name = CoredateTests;
			productName = CoredateTests;
			productReference = 05793B932466484E0073F27C /* CoredateTests.xctest */;
			productType = "com.apple.product-type.bundle.unit-test";
		};
		05793B9D2466484E0073F27C /* CoredateUITests */ = {
			isa = PBXNativeTarget;
			buildConfigurationList = 05793BAD2466484E0073F27C /* Build configuration list for PBXNativeTarget "CoredateUITests" */;
			buildPhases = (
				05793B9A2466484E0073F27C /* Sources */,
				05793B9B2466484E0073F27C /* Frameworks */,
				05793B9C2466484E0073F27C /* Resources */,
			);
			buildRules = (
			);
			dependencies = (
				05793BA02466484E0073F27C /* PBXTargetDependency */,
			);
			name = CoredateUITests;
			productName = CoredateUITests;
			productReference = 05793B9E2466484E0073F27C /* CoredateUITests.xctest */;
			productType = "com.apple.product-type.bundle.ui-testing";
		};
/* End PBXNativeTarget section */

/* Begin PBXProject section */
		05793B752466484B0073F27C /* Project object */ = {
			isa = PBXProject;
			attributes = {
				LastSwiftUpdateCheck = 1140;
				LastUpgradeCheck = 1140;
				ORGANIZATIONNAME = "Eugene Berezin";
				TargetAttributes = {
					05793B7C2466484B0073F27C = {
						CreatedOnToolsVersion = 11.4.1;
					};
					05793B922466484E0073F27C = {
						CreatedOnToolsVersion = 11.4.1;
						TestTargetID = 05793B7C2466484B0073F27C;
					};
					05793B9D2466484E0073F27C = {
						CreatedOnToolsVersion = 11.4.1;
						TestTargetID = 05793B7C2466484B0073F27C;
					};
				};
			};
			buildConfigurationList = 05793B782466484B0073F27C /* Build configuration list for PBXProject "Coredate" */;
			compatibilityVersion = "Xcode 9.3";
			developmentRegion = en;
			hasScannedForEncodings = 0;
			knownRegions = (
				en,
				Base,
			);
			mainGroup = 05793B742466484B0073F27C;
			productRefGroup = 05793B7E2466484B0073F27C /* Products */;
			projectDirPath = "";
			projectRoot = "";
			targets = (
				05793B7C2466484B0073F27C /* Coredate */,
				05793B922466484E0073F27C /* CoredateTests */,
				05793B9D2466484E0073F27C /* CoredateUITests */,
			);
		};
/* End PBXProject section */

/* Begin PBXResourcesBuildPhase section */
		05793B7B2466484B0073F27C /* Resources */ = {
			isa = PBXResourcesBuildPhase;
			buildActionMask = 2147483647;
			files = (
				05793B8D2466484E0073F27C /* LaunchScreen.storyboard in Resources */,
				05793B8A2466484E0073F27C /* Assets.xcassets in Resources */,
			);
			runOnlyForDeploymentPostprocessing = 0;
		};
		05793B912466484E0073F27C /* Resources */ = {
			isa = PBXResourcesBuildPhase;
			buildActionMask = 2147483647;
			files = (
			);
			runOnlyForDeploymentPostprocessing = 0;
		};
		05793B9C2466484E0073F27C /* Resources */ = {
			isa = PBXResourcesBuildPhase;
			buildActionMask = 2147483647;
			files = (
			);
			runOnlyForDeploymentPostprocessing = 0;
		};
/* End PBXResourcesBuildPhase section */

/* Begin PBXSourcesBuildPhase section */
		05793B792466484B0073F27C /* Sources */ = {
			isa = PBXSourcesBuildPhase;
			buildActionMask = 2147483647;
			files = (
				05793B852466484B0073F27C /* CompaniesController.swift in Sources */,
				05793B812466484B0073F27C /* AppDelegate.swift in Sources */,
				05793BB3246758F70073F27C /* CreateCompanyController.swift in Sources */,
				05793B832466484B0073F27C /* SceneDelegate.swift in Sources */,
				05793BB12467535C0073F27C /* Company.swift in Sources */,
				05F2F019246CF5F200FCC440 /* CoreDataModel.xcdatamodeld in Sources */,
				05F2F016246CE66700FCC440 /* UIColorExtension.swift in Sources */,
			);
			runOnlyForDeploymentPostprocessing = 0;
		};
		05793B8F2466484E0073F27C /* Sources */ = {
			isa = PBXSourcesBuildPhase;
			buildActionMask = 2147483647;
			files = (
				05793B982466484E0073F27C /* CoredateTests.swift in Sources */,
			);
			runOnlyForDeploymentPostprocessing = 0;
		};
		05793B9A2466484E0073F27C /* Sources */ = {
			isa = PBXSourcesBuildPhase;
			buildActionMask = 2147483647;
			files = (
				05793BA32466484E0073F27C /* CoredateUITests.swift in Sources */,
			);
			runOnlyForDeploymentPostprocessing = 0;
		};
/* End PBXSourcesBuildPhase section */

/* Begin PBXTargetDependency section */
		05793B952466484E0073F27C /* PBXTargetDependency */ = {
			isa = PBXTargetDependency;
			target = 05793B7C2466484B0073F27C /* Coredate */;
			targetProxy = 05793B942466484E0073F27C /* PBXContainerItemProxy */;
		};
		05793BA02466484E0073F27C /* PBXTargetDependency */ = {
			isa = PBXTargetDependency;
			target = 05793B7C2466484B0073F27C /* Coredate */;
			targetProxy = 05793B9F2466484E0073F27C /* PBXContainerItemProxy */;
		};
/* End PBXTargetDependency section */

/* Begin PBXVariantGroup section */
		05793B8B2466484E0073F27C /* LaunchScreen.storyboard */ = {
			isa = PBXVariantGroup;
			children = (
				05793B8C2466484E0073F27C /* Base */,
			);
			name = LaunchScreen.storyboard;
			sourceTree = "<group>";
		};
/* End PBXVariantGroup section */

/* Begin XCBuildConfiguration section */
		05793BA52466484E0073F27C /* Debug */ = {
			isa = XCBuildConfiguration;
			buildSettings = {
				ALWAYS_SEARCH_USER_PATHS = NO;
				CLANG_ANALYZER_NONNULL = YES;
				CLANG_ANALYZER_NUMBER_OBJECT_CONVERSION = YES_AGGRESSIVE;
				CLANG_CXX_LANGUAGE_STANDARD = "gnu++14";
				CLANG_CXX_LIBRARY = "libc++";
				CLANG_ENABLE_MODULES = YES;
				CLANG_ENABLE_OBJC_ARC = YES;
				CLANG_ENABLE_OBJC_WEAK = YES;
				CLANG_WARN_BLOCK_CAPTURE_AUTORELEASING = YES;
				CLANG_WARN_BOOL_CONVERSION = YES;
				CLANG_WARN_COMMA = YES;
				CLANG_WARN_CONSTANT_CONVERSION = YES;
				CLANG_WARN_DEPRECATED_OBJC_IMPLEMENTATIONS = YES;
				CLANG_WARN_DIRECT_OBJC_ISA_USAGE = YES_ERROR;
				CLANG_WARN_DOCUMENTATION_COMMENTS = YES;
				CLANG_WARN_EMPTY_BODY = YES;
				CLANG_WARN_ENUM_CONVERSION = YES;
				CLANG_WARN_INFINITE_RECURSION = YES;
				CLANG_WARN_INT_CONVERSION = YES;
				CLANG_WARN_NON_LITERAL_NULL_CONVERSION = YES;
				CLANG_WARN_OBJC_IMPLICIT_RETAIN_SELF = YES;
				CLANG_WARN_OBJC_LITERAL_CONVERSION = YES;
				CLANG_WARN_OBJC_ROOT_CLASS = YES_ERROR;
				CLANG_WARN_RANGE_LOOP_ANALYSIS = YES;
				CLANG_WARN_STRICT_PROTOTYPES = YES;
				CLANG_WARN_SUSPICIOUS_MOVE = YES;
				CLANG_WARN_UNGUARDED_AVAILABILITY = YES_AGGRESSIVE;
				CLANG_WARN_UNREACHABLE_CODE = YES;
				CLANG_WARN__DUPLICATE_METHOD_MATCH = YES;
				COPY_PHASE_STRIP = NO;
				DEBUG_INFORMATION_FORMAT = dwarf;
				ENABLE_STRICT_OBJC_MSGSEND = YES;
				ENABLE_TESTABILITY = YES;
				GCC_C_LANGUAGE_STANDARD = gnu11;
				GCC_DYNAMIC_NO_PIC = NO;
				GCC_NO_COMMON_BLOCKS = YES;
				GCC_OPTIMIZATION_LEVEL = 0;
				GCC_PREPROCESSOR_DEFINITIONS = (
					"DEBUG=1",
					"$(inherited)",
				);
				GCC_WARN_64_TO_32_BIT_CONVERSION = YES;
				GCC_WARN_ABOUT_RETURN_TYPE = YES_ERROR;
				GCC_WARN_UNDECLARED_SELECTOR = YES;
				GCC_WARN_UNINITIALIZED_AUTOS = YES_AGGRESSIVE;
				GCC_WARN_UNUSED_FUNCTION = YES;
				GCC_WARN_UNUSED_VARIABLE = YES;
				IPHONEOS_DEPLOYMENT_TARGET = 13.4;
				MTL_ENABLE_DEBUG_INFO = INCLUDE_SOURCE;
				MTL_FAST_MATH = YES;
				ONLY_ACTIVE_ARCH = YES;
				SDKROOT = iphoneos;
				SWIFT_ACTIVE_COMPILATION_CONDITIONS = DEBUG;
				SWIFT_OPTIMIZATION_LEVEL = "-Onone";
			};
			name = Debug;
		};
		05793BA62466484E0073F27C /* Release */ = {
			isa = XCBuildConfiguration;
			buildSettings = {
				ALWAYS_SEARCH_USER_PATHS = NO;
				CLANG_ANALYZER_NONNULL = YES;
				CLANG_ANALYZER_NUMBER_OBJECT_CONVERSION = YES_AGGRESSIVE;
				CLANG_CXX_LANGUAGE_STANDARD = "gnu++14";
				CLANG_CXX_LIBRARY = "libc++";
				CLANG_ENABLE_MODULES = YES;
				CLANG_ENABLE_OBJC_ARC = YES;
				CLANG_ENABLE_OBJC_WEAK = YES;
				CLANG_WARN_BLOCK_CAPTURE_AUTORELEASING = YES;
				CLANG_WARN_BOOL_CONVERSION = YES;
				CLANG_WARN_COMMA = YES;
				CLANG_WARN_CONSTANT_CONVERSION = YES;
				CLANG_WARN_DEPRECATED_OBJC_IMPLEMENTATIONS = YES;
				CLANG_WARN_DIRECT_OBJC_ISA_USAGE = YES_ERROR;
				CLANG_WARN_DOCUMENTATION_COMMENTS = YES;
				CLANG_WARN_EMPTY_BODY = YES;
				CLANG_WARN_ENUM_CONVERSION = YES;
				CLANG_WARN_INFINITE_RECURSION = YES;
				CLANG_WARN_INT_CONVERSION = YES;
				CLANG_WARN_NON_LITERAL_NULL_CONVERSION = YES;
				CLANG_WARN_OBJC_IMPLICIT_RETAIN_SELF = YES;
				CLANG_WARN_OBJC_LITERAL_CONVERSION = YES;
				CLANG_WARN_OBJC_ROOT_CLASS = YES_ERROR;
				CLANG_WARN_RANGE_LOOP_ANALYSIS = YES;
				CLANG_WARN_STRICT_PROTOTYPES = YES;
				CLANG_WARN_SUSPICIOUS_MOVE = YES;
				CLANG_WARN_UNGUARDED_AVAILABILITY = YES_AGGRESSIVE;
				CLANG_WARN_UNREACHABLE_CODE = YES;
				CLANG_WARN__DUPLICATE_METHOD_MATCH = YES;
				COPY_PHASE_STRIP = NO;
				DEBUG_INFORMATION_FORMAT = "dwarf-with-dsym";
				ENABLE_NS_ASSERTIONS = NO;
				ENABLE_STRICT_OBJC_MSGSEND = YES;
				GCC_C_LANGUAGE_STANDARD = gnu11;
				GCC_NO_COMMON_BLOCKS = YES;
				GCC_WARN_64_TO_32_BIT_CONVERSION = YES;
				GCC_WARN_ABOUT_RETURN_TYPE = YES_ERROR;
				GCC_WARN_UNDECLARED_SELECTOR = YES;
				GCC_WARN_UNINITIALIZED_AUTOS = YES_AGGRESSIVE;
				GCC_WARN_UNUSED_FUNCTION = YES;
				GCC_WARN_UNUSED_VARIABLE = YES;
				IPHONEOS_DEPLOYMENT_TARGET = 13.4;
				MTL_ENABLE_DEBUG_INFO = NO;
				MTL_FAST_MATH = YES;
				SDKROOT = iphoneos;
				SWIFT_COMPILATION_MODE = wholemodule;
				SWIFT_OPTIMIZATION_LEVEL = "-O";
				VALIDATE_PRODUCT = YES;
			};
			name = Release;
		};
		05793BA82466484E0073F27C /* Debug */ = {
			isa = XCBuildConfiguration;
			buildSettings = {
				ASSETCATALOG_COMPILER_APPICON_NAME = AppIcon;
				CODE_SIGN_STYLE = Automatic;
				DEVELOPMENT_TEAM = JGX8KL9J9F;
				INFOPLIST_FILE = Coredate/Info.plist;
				LD_RUNPATH_SEARCH_PATHS = (
					"$(inherited)",
					"@executable_path/Frameworks",
				);
				PRODUCT_BUNDLE_IDENTIFIER = com.Employees.Coredate;
				PRODUCT_NAME = "$(TARGET_NAME)";
				SWIFT_VERSION = 5.0;
				TARGETED_DEVICE_FAMILY = "1,2";
			};
			name = Debug;
		};
		05793BA92466484E0073F27C /* Release */ = {
			isa = XCBuildConfiguration;
			buildSettings = {
				ASSETCATALOG_COMPILER_APPICON_NAME = AppIcon;
				CODE_SIGN_STYLE = Automatic;
				DEVELOPMENT_TEAM = JGX8KL9J9F;
				INFOPLIST_FILE = Coredate/Info.plist;
				LD_RUNPATH_SEARCH_PATHS = (
					"$(inherited)",
					"@executable_path/Frameworks",
				);
				PRODUCT_BUNDLE_IDENTIFIER = com.Employees.Coredate;
				PRODUCT_NAME = "$(TARGET_NAME)";
				SWIFT_VERSION = 5.0;
				TARGETED_DEVICE_FAMILY = "1,2";
			};
			name = Release;
		};
		05793BAB2466484E0073F27C /* Debug */ = {
			isa = XCBuildConfiguration;
			buildSettings = {
				ALWAYS_EMBED_SWIFT_STANDARD_LIBRARIES = YES;
				BUNDLE_LOADER = "$(TEST_HOST)";
				CODE_SIGN_STYLE = Automatic;
				DEVELOPMENT_TEAM = JGX8KL9J9F;
				INFOPLIST_FILE = CoredateTests/Info.plist;
				IPHONEOS_DEPLOYMENT_TARGET = 13.4;
				LD_RUNPATH_SEARCH_PATHS = (
					"$(inherited)",
					"@executable_path/Frameworks",
					"@loader_path/Frameworks",
				);
				PRODUCT_BUNDLE_IDENTIFIER = com.Employees.CoredateTests;
				PRODUCT_NAME = "$(TARGET_NAME)";
				SWIFT_VERSION = 5.0;
				TARGETED_DEVICE_FAMILY = "1,2";
				TEST_HOST = "$(BUILT_PRODUCTS_DIR)/Coredate.app/Coredate";
			};
			name = Debug;
		};
		05793BAC2466484E0073F27C /* Release */ = {
			isa = XCBuildConfiguration;
			buildSettings = {
				ALWAYS_EMBED_SWIFT_STANDARD_LIBRARIES = YES;
				BUNDLE_LOADER = "$(TEST_HOST)";
				CODE_SIGN_STYLE = Automatic;
				DEVELOPMENT_TEAM = JGX8KL9J9F;
				INFOPLIST_FILE = CoredateTests/Info.plist;
				IPHONEOS_DEPLOYMENT_TARGET = 13.4;
				LD_RUNPATH_SEARCH_PATHS = (
					"$(inherited)",
					"@executable_path/Frameworks",
					"@loader_path/Frameworks",
				);
				PRODUCT_BUNDLE_IDENTIFIER = com.Employees.CoredateTests;
				PRODUCT_NAME = "$(TARGET_NAME)";
				SWIFT_VERSION = 5.0;
				TARGETED_DEVICE_FAMILY = "1,2";
				TEST_HOST = "$(BUILT_PRODUCTS_DIR)/Coredate.app/Coredate";
			};
			name = Release;
		};
		05793BAE2466484E0073F27C /* Debug */ = {
			isa = XCBuildConfiguration;
			buildSettings = {
				ALWAYS_EMBED_SWIFT_STANDARD_LIBRARIES = YES;
				CODE_SIGN_STYLE = Automatic;
				DEVELOPMENT_TEAM = JGX8KL9J9F;
				INFOPLIST_FILE = CoredateUITests/Info.plist;
				LD_RUNPATH_SEARCH_PATHS = (
					"$(inherited)",
					"@executable_path/Frameworks",
					"@loader_path/Frameworks",
				);
				PRODUCT_BUNDLE_IDENTIFIER = com.Employees.CoredateUITests;
				PRODUCT_NAME = "$(TARGET_NAME)";
				SWIFT_VERSION = 5.0;
				TARGETED_DEVICE_FAMILY = "1,2";
				TEST_TARGET_NAME = Coredate;
			};
			name = Debug;
		};
		05793BAF2466484E0073F27C /* Release */ = {
			isa = XCBuildConfiguration;
			buildSettings = {
				ALWAYS_EMBED_SWIFT_STANDARD_LIBRARIES = YES;
				CODE_SIGN_STYLE = Automatic;
				DEVELOPMENT_TEAM = JGX8KL9J9F;
				INFOPLIST_FILE = CoredateUITests/Info.plist;
				LD_RUNPATH_SEARCH_PATHS = (
					"$(inherited)",
					"@executable_path/Frameworks",
					"@loader_path/Frameworks",
				);
				PRODUCT_BUNDLE_IDENTIFIER = com.Employees.CoredateUITests;
				PRODUCT_NAME = "$(TARGET_NAME)";
				SWIFT_VERSION = 5.0;
				TARGETED_DEVICE_FAMILY = "1,2";
				TEST_TARGET_NAME = Coredate;
			};
			name = Release;
		};
/* End XCBuildConfiguration section */

/* Begin XCConfigurationList section */
		05793B782466484B0073F27C /* Build configuration list for PBXProject "Coredate" */ = {
			isa = XCConfigurationList;
			buildConfigurations = (
				05793BA52466484E0073F27C /* Debug */,
				05793BA62466484E0073F27C /* Release */,
			);
			defaultConfigurationIsVisible = 0;
			defaultConfigurationName = Release;
		};
		05793BA72466484E0073F27C /* Build configuration list for PBXNativeTarget "Coredate" */ = {
			isa = XCConfigurationList;
			buildConfigurations = (
				05793BA82466484E0073F27C /* Debug */,
				05793BA92466484E0073F27C /* Release */,
			);
			defaultConfigurationIsVisible = 0;
			defaultConfigurationName = Release;
		};
		05793BAA2466484E0073F27C /* Build configuration list for PBXNativeTarget "CoredateTests" */ = {
			isa = XCConfigurationList;
			buildConfigurations = (
				05793BAB2466484E0073F27C /* Debug */,
				05793BAC2466484E0073F27C /* Release */,
			);
			defaultConfigurationIsVisible = 0;
			defaultConfigurationName = Release;
		};
		05793BAD2466484E0073F27C /* Build configuration list for PBXNativeTarget "CoredateUITests" */ = {
			isa = XCConfigurationList;
			buildConfigurations = (
				05793BAE2466484E0073F27C /* Debug */,
				05793BAF2466484E0073F27C /* Release */,
			);
			defaultConfigurationIsVisible = 0;
			defaultConfigurationName = Release;
		};
/* End XCConfigurationList section */

/* Begin XCVersionGroup section */
		05F2F017246CF5F200FCC440 /* CoreDataModel.xcdatamodeld */ = {
			isa = XCVersionGroup;
			children = (
				05F2F018246CF5F200FCC440 /* CoreDataModel.xcdatamodel */,
			);
			currentVersion = 05F2F018246CF5F200FCC440 /* CoreDataModel.xcdatamodel */;
			path = CoreDataModel.xcdatamodeld;
			sourceTree = "<group>";
			versionGroupType = wrapper.xcdatamodel;
		};
/* End XCVersionGroup section */
	};
	rootObject = 05793B752466484B0073F27C /* Project object */;
}
